// !$*UTF8*$!
{
	archiveVersion = 1;
	classes = {
	};
	objectVersion = 50;
	objects = {

/* Begin PBXBuildFile section */
		FA3BE714256839C2007CDC5E /* AppDelegate.swift in Sources */ = {isa = PBXBuildFile; fileRef = FA3BE713256839C2007CDC5E /* AppDelegate.swift */; };
		FA3BE718256839C2007CDC5E /* HomeViewController.swift in Sources */ = {isa = PBXBuildFile; fileRef = FA3BE717256839C2007CDC5E /* HomeViewController.swift */; };
		FA3BE71D256839C3007CDC5E /* Assets.xcassets in Resources */ = {isa = PBXBuildFile; fileRef = FA3BE71C256839C3007CDC5E /* Assets.xcassets */; };
		FA3BE720256839C3007CDC5E /* LaunchScreen.storyboard in Resources */ = {isa = PBXBuildFile; fileRef = FA3BE71E256839C3007CDC5E /* LaunchScreen.storyboard */; };
		FA3BE72B256839C3007CDC5E /* ShopAppTests.swift in Sources */ = {isa = PBXBuildFile; fileRef = FA3BE72A256839C3007CDC5E /* ShopAppTests.swift */; };
		FA3BE736256839C3007CDC5E /* ShopAppUITests.swift in Sources */ = {isa = PBXBuildFile; fileRef = FA3BE735256839C3007CDC5E /* ShopAppUITests.swift */; };
		FA3BE75425683F3B007CDC5E /* ProductViewController.swift in Sources */ = {isa = PBXBuildFile; fileRef = FA3BE75325683F3B007CDC5E /* ProductViewController.swift */; };
/* End PBXBuildFile section */

/* Begin PBXContainerItemProxy section */
		FA3BE727256839C3007CDC5E /* PBXContainerItemProxy */ = {
			isa = PBXContainerItemProxy;
			containerPortal = FA3BE708256839C2007CDC5E /* Project object */;
			proxyType = 1;
			remoteGlobalIDString = FA3BE70F256839C2007CDC5E;
			remoteInfo = ShopApp;
		};
		FA3BE732256839C3007CDC5E /* PBXContainerItemProxy */ = {
			isa = PBXContainerItemProxy;
			containerPortal = FA3BE708256839C2007CDC5E /* Project object */;
			proxyType = 1;
			remoteGlobalIDString = FA3BE70F256839C2007CDC5E;
			remoteInfo = ShopApp;
		};
/* End PBXContainerItemProxy section */

/* Begin PBXFileReference section */
		FA3BE710256839C2007CDC5E /* ShopApp.app */ = {isa = PBXFileReference; explicitFileType = wrapper.application; includeInIndex = 0; path = ShopApp.app; sourceTree = BUILT_PRODUCTS_DIR; };
		FA3BE713256839C2007CDC5E /* AppDelegate.swift */ = {isa = PBXFileReference; lastKnownFileType = sourcecode.swift; path = AppDelegate.swift; sourceTree = "<group>"; };
		FA3BE717256839C2007CDC5E /* HomeViewController.swift */ = {isa = PBXFileReference; lastKnownFileType = sourcecode.swift; path = HomeViewController.swift; sourceTree = "<group>"; };
		FA3BE71C256839C3007CDC5E /* Assets.xcassets */ = {isa = PBXFileReference; lastKnownFileType = folder.assetcatalog; path = Assets.xcassets; sourceTree = "<group>"; };
		FA3BE71F256839C3007CDC5E /* Base */ = {isa = PBXFileReference; lastKnownFileType = file.storyboard; name = Base; path = Base.lproj/LaunchScreen.storyboard; sourceTree = "<group>"; };
		FA3BE721256839C3007CDC5E /* Info.plist */ = {isa = PBXFileReference; lastKnownFileType = text.plist.xml; path = Info.plist; sourceTree = "<group>"; };
		FA3BE726256839C3007CDC5E /* ShopAppTests.xctest */ = {isa = PBXFileReference; explicitFileType = wrapper.cfbundle; includeInIndex = 0; path = ShopAppTests.xctest; sourceTree = BUILT_PRODUCTS_DIR; };
		FA3BE72A256839C3007CDC5E /* ShopAppTests.swift */ = {isa = PBXFileReference; lastKnownFileType = sourcecode.swift; path = ShopAppTests.swift; sourceTree = "<group>"; };
		FA3BE72C256839C3007CDC5E /* Info.plist */ = {isa = PBXFileReference; lastKnownFileType = text.plist.xml; path = Info.plist; sourceTree = "<group>"; };
		FA3BE731256839C3007CDC5E /* ShopAppUITests.xctest */ = {isa = PBXFileReference; explicitFileType = wrapper.cfbundle; includeInIndex = 0; path = ShopAppUITests.xctest; sourceTree = BUILT_PRODUCTS_DIR; };
		FA3BE735256839C3007CDC5E /* ShopAppUITests.swift */ = {isa = PBXFileReference; lastKnownFileType = sourcecode.swift; path = ShopAppUITests.swift; sourceTree = "<group>"; };
		FA3BE737256839C3007CDC5E /* Info.plist */ = {isa = PBXFileReference; lastKnownFileType = text.plist.xml; path = Info.plist; sourceTree = "<group>"; };
		FA3BE75325683F3B007CDC5E /* ProductViewController.swift */ = {isa = PBXFileReference; lastKnownFileType = sourcecode.swift; path = ProductViewController.swift; sourceTree = "<group>"; };
/* End PBXFileReference section */

/* Begin PBXFrameworksBuildPhase section */
		FA3BE70D256839C2007CDC5E /* Frameworks */ = {
			isa = PBXFrameworksBuildPhase;
			buildActionMask = 2147483647;
			files = (
			);
			runOnlyForDeploymentPostprocessing = 0;
		};
		FA3BE723256839C3007CDC5E /* Frameworks */ = {
			isa = PBXFrameworksBuildPhase;
			buildActionMask = 2147483647;
			files = (
			);
			runOnlyForDeploymentPostprocessing = 0;
		};
		FA3BE72E256839C3007CDC5E /* Frameworks */ = {
			isa = PBXFrameworksBuildPhase;
			buildActionMask = 2147483647;
			files = (
			);
			runOnlyForDeploymentPostprocessing = 0;
		};
/* End PBXFrameworksBuildPhase section */

/* Begin PBXGroup section */
		FA3BE707256839C2007CDC5E = {
			isa = PBXGroup;
			children = (
				FA3BE712256839C2007CDC5E /* ShopApp */,
				FA3BE729256839C3007CDC5E /* ShopAppTests */,
				FA3BE734256839C3007CDC5E /* ShopAppUITests */,
				FA3BE711256839C2007CDC5E /* Products */,
			);
			sourceTree = "<group>";
		};
		FA3BE711256839C2007CDC5E /* Products */ = {
			isa = PBXGroup;
			children = (
				FA3BE710256839C2007CDC5E /* ShopApp.app */,
				FA3BE726256839C3007CDC5E /* ShopAppTests.xctest */,
				FA3BE731256839C3007CDC5E /* ShopAppUITests.xctest */,
			);
			name = Products;
			sourceTree = "<group>";
		};
		FA3BE712256839C2007CDC5E /* ShopApp */ = {
			isa = PBXGroup;
			children = (
				FA3BE74C25683A64007CDC5E /* App */,
				FA3BE74D25683B1F007CDC5E /* Modules */,
				FA3BE75825684A72007CDC5E /* SupportFiles */,
			);
			path = ShopApp;
			sourceTree = "<group>";
		};
		FA3BE729256839C3007CDC5E /* ShopAppTests */ = {
			isa = PBXGroup;
			children = (
				FA3BE72A256839C3007CDC5E /* ShopAppTests.swift */,
				FA3BE72C256839C3007CDC5E /* Info.plist */,
			);
			path = ShopAppTests;
			sourceTree = "<group>";
		};
		FA3BE734256839C3007CDC5E /* ShopAppUITests */ = {
			isa = PBXGroup;
			children = (
				FA3BE735256839C3007CDC5E /* ShopAppUITests.swift */,
				FA3BE737256839C3007CDC5E /* Info.plist */,
			);
			path = ShopAppUITests;
			sourceTree = "<group>";
		};
		FA3BE74C25683A64007CDC5E /* App */ = {
			isa = PBXGroup;
			children = (
				FA3BE713256839C2007CDC5E /* AppDelegate.swift */,
			);
			path = App;
			sourceTree = "<group>";
		};
		FA3BE74D25683B1F007CDC5E /* Modules */ = {
			isa = PBXGroup;
			children = (
				FA3BE74E25683C0B007CDC5E /* Home */,
				FA3BE74F25683C14007CDC5E /* Product */,
			);
			path = Modules;
			sourceTree = "<group>";
		};
		FA3BE74E25683C0B007CDC5E /* Home */ = {
			isa = PBXGroup;
			children = (
				FA3BE717256839C2007CDC5E /* HomeViewController.swift */,
			);
			path = Home;
			sourceTree = "<group>";
		};
		FA3BE74F25683C14007CDC5E /* Product */ = {
			isa = PBXGroup;
			children = (
				FA3BE75325683F3B007CDC5E /* ProductViewController.swift */,
			);
			path = Product;
			sourceTree = "<group>";
		};
		FA3BE75825684A72007CDC5E /* SupportFiles */ = {
			isa = PBXGroup;
			children = (
				FA3BE721256839C3007CDC5E /* Info.plist */,
				FA3BE71E256839C3007CDC5E /* LaunchScreen.storyboard */,
				FA3BE71C256839C3007CDC5E /* Assets.xcassets */,
			);
			path = SupportFiles;
			sourceTree = "<group>";
		};
/* End PBXGroup section */

/* Begin PBXNativeTarget section */
		FA3BE70F256839C2007CDC5E /* ShopApp */ = {
			isa = PBXNativeTarget;
			buildConfigurationList = FA3BE73A256839C3007CDC5E /* Build configuration list for PBXNativeTarget "ShopApp" */;
			buildPhases = (
				FA3BE70C256839C2007CDC5E /* Sources */,
				FA3BE70D256839C2007CDC5E /* Frameworks */,
				FA3BE70E256839C2007CDC5E /* Resources */,
			);
			buildRules = (
			);
			dependencies = (
			);
			name = ShopApp;
			productName = ShopApp;
			productReference = FA3BE710256839C2007CDC5E /* ShopApp.app */;
			productType = "com.apple.product-type.application";
		};
		FA3BE725256839C3007CDC5E /* ShopAppTests */ = {
			isa = PBXNativeTarget;
			buildConfigurationList = FA3BE73D256839C3007CDC5E /* Build configuration list for PBXNativeTarget "ShopAppTests" */;
			buildPhases = (
				FA3BE722256839C3007CDC5E /* Sources */,
				FA3BE723256839C3007CDC5E /* Frameworks */,
				FA3BE724256839C3007CDC5E /* Resources */,
			);
			buildRules = (
			);
			dependencies = (
				FA3BE728256839C3007CDC5E /* PBXTargetDependency */,
			);
			name = ShopAppTests;
			productName = ShopAppTests;
			productReference = FA3BE726256839C3007CDC5E /* ShopAppTests.xctest */;
			productType = "com.apple.product-type.bundle.unit-test";
		};
		FA3BE730256839C3007CDC5E /* ShopAppUITests */ = {
			isa = PBXNativeTarget;
			buildConfigurationList = FA3BE740256839C3007CDC5E /* Build configuration list for PBXNativeTarget "ShopAppUITests" */;
			buildPhases = (
				FA3BE72D256839C3007CDC5E /* Sources */,
				FA3BE72E256839C3007CDC5E /* Frameworks */,
				FA3BE72F256839C3007CDC5E /* Resources */,
			);
			buildRules = (
			);
			dependencies = (
				FA3BE733256839C3007CDC5E /* PBXTargetDependency */,
			);
			name = ShopAppUITests;
			productName = ShopAppUITests;
			productReference = FA3BE731256839C3007CDC5E /* ShopAppUITests.xctest */;
			productType = "com.apple.product-type.bundle.ui-testing";
		};
/* End PBXNativeTarget section */

/* Begin PBXProject section */
		FA3BE708256839C2007CDC5E /* Project object */ = {
			isa = PBXProject;
			attributes = {
				LastSwiftUpdateCheck = 1200;
				LastUpgradeCheck = 1200;
				TargetAttributes = {
					FA3BE70F256839C2007CDC5E = {
						CreatedOnToolsVersion = 12.0.1;
					};
					FA3BE725256839C3007CDC5E = {
						CreatedOnToolsVersion = 12.0.1;
						TestTargetID = FA3BE70F256839C2007CDC5E;
					};
					FA3BE730256839C3007CDC5E = {
						CreatedOnToolsVersion = 12.0.1;
						TestTargetID = FA3BE70F256839C2007CDC5E;
					};
				};
			};
			buildConfigurationList = FA3BE70B256839C2007CDC5E /* Build configuration list for PBXProject "ShopApp" */;
			compatibilityVersion = "Xcode 9.3";
			developmentRegion = en;
			hasScannedForEncodings = 0;
			knownRegions = (
				en,
				Base,
			);
			mainGroup = FA3BE707256839C2007CDC5E;
			productRefGroup = FA3BE711256839C2007CDC5E /* Products */;
			projectDirPath = "";
			projectRoot = "";
			targets = (
				FA3BE70F256839C2007CDC5E /* ShopApp */,
				FA3BE725256839C3007CDC5E /* ShopAppTests */,
				FA3BE730256839C3007CDC5E /* ShopAppUITests */,
			);
		};
/* End PBXProject section */

/* Begin PBXResourcesBuildPhase section */
		FA3BE70E256839C2007CDC5E /* Resources */ = {
			isa = PBXResourcesBuildPhase;
			buildActionMask = 2147483647;
			files = (
				FA3BE720256839C3007CDC5E /* LaunchScreen.storyboard in Resources */,
				FA3BE71D256839C3007CDC5E /* Assets.xcassets in Resources */,
			);
			runOnlyForDeploymentPostprocessing = 0;
		};
		FA3BE724256839C3007CDC5E /* Resources */ = {
			isa = PBXResourcesBuildPhase;
			buildActionMask = 2147483647;
			files = (
			);
			runOnlyForDeploymentPostprocessing = 0;
		};
		FA3BE72F256839C3007CDC5E /* Resources */ = {
			isa = PBXResourcesBuildPhase;
			buildActionMask = 2147483647;
			files = (
			);
			runOnlyForDeploymentPostprocessing = 0;
		};
/* End PBXResourcesBuildPhase section */

/* Begin PBXSourcesBuildPhase section */
		FA3BE70C256839C2007CDC5E /* Sources */ = {
			isa = PBXSourcesBuildPhase;
			buildActionMask = 2147483647;
			files = (
				FA3BE75425683F3B007CDC5E /* ProductViewController.swift in Sources */,
				FA3BE718256839C2007CDC5E /* HomeViewController.swift in Sources */,
				FA3BE714256839C2007CDC5E /* AppDelegate.swift in Sources */,
			);
			runOnlyForDeploymentPostprocessing = 0;
		};
		FA3BE722256839C3007CDC5E /* Sources */ = {
			isa = PBXSourcesBuildPhase;
			buildActionMask = 2147483647;
			files = (
				FA3BE72B256839C3007CDC5E /* ShopAppTests.swift in Sources */,
			);
			runOnlyForDeploymentPostprocessing = 0;
		};
		FA3BE72D256839C3007CDC5E /* Sources */ = {
			isa = PBXSourcesBuildPhase;
			buildActionMask = 2147483647;
			files = (
				FA3BE736256839C3007CDC5E /* ShopAppUITests.swift in Sources */,
			);
			runOnlyForDeploymentPostprocessing = 0;
		};
/* End PBXSourcesBuildPhase section */

/* Begin PBXTargetDependency section */
		FA3BE728256839C3007CDC5E /* PBXTargetDependency */ = {
			isa = PBXTargetDependency;
			target = FA3BE70F256839C2007CDC5E /* ShopApp */;
			targetProxy = FA3BE727256839C3007CDC5E /* PBXContainerItemProxy */;
		};
		FA3BE733256839C3007CDC5E /* PBXTargetDependency */ = {
			isa = PBXTargetDependency;
			target = FA3BE70F256839C2007CDC5E /* ShopApp */;
			targetProxy = FA3BE732256839C3007CDC5E /* PBXContainerItemProxy */;
		};
/* End PBXTargetDependency section */

/* Begin PBXVariantGroup section */
		FA3BE71E256839C3007CDC5E /* LaunchScreen.storyboard */ = {
			isa = PBXVariantGroup;
			children = (
				FA3BE71F256839C3007CDC5E /* Base */,
			);
			name = LaunchScreen.storyboard;
			sourceTree = "<group>";
		};
/* End PBXVariantGroup section */

/* Begin XCBuildConfiguration section */
		FA3BE738256839C3007CDC5E /* Debug */ = {
			isa = XCBuildConfiguration;
			buildSettings = {
				ALWAYS_SEARCH_USER_PATHS = NO;
				CLANG_ANALYZER_NONNULL = YES;
				CLANG_ANALYZER_NUMBER_OBJECT_CONVERSION = YES_AGGRESSIVE;
				CLANG_CXX_LANGUAGE_STANDARD = "gnu++14";
				CLANG_CXX_LIBRARY = "libc++";
				CLANG_ENABLE_MODULES = YES;
				CLANG_ENABLE_OBJC_ARC = YES;
				CLANG_ENABLE_OBJC_WEAK = YES;
				CLANG_WARN_BLOCK_CAPTURE_AUTORELEASING = YES;
				CLANG_WARN_BOOL_CONVERSION = YES;
				CLANG_WARN_COMMA = YES;
				CLANG_WARN_CONSTANT_CONVERSION = YES;
				CLANG_WARN_DEPRECATED_OBJC_IMPLEMENTATIONS = YES;
				CLANG_WARN_DIRECT_OBJC_ISA_USAGE = YES_ERROR;
				CLANG_WARN_DOCUMENTATION_COMMENTS = YES;
				CLANG_WARN_EMPTY_BODY = YES;
				CLANG_WARN_ENUM_CONVERSION = YES;
				CLANG_WARN_INFINITE_RECURSION = YES;
				CLANG_WARN_INT_CONVERSION = YES;
				CLANG_WARN_NON_LITERAL_NULL_CONVERSION = YES;
				CLANG_WARN_OBJC_IMPLICIT_RETAIN_SELF = YES;
				CLANG_WARN_OBJC_LITERAL_CONVERSION = YES;
				CLANG_WARN_OBJC_ROOT_CLASS = YES_ERROR;
				CLANG_WARN_QUOTED_INCLUDE_IN_FRAMEWORK_HEADER = YES;
				CLANG_WARN_RANGE_LOOP_ANALYSIS = YES;
				CLANG_WARN_STRICT_PROTOTYPES = YES;
				CLANG_WARN_SUSPICIOUS_MOVE = YES;
				CLANG_WARN_UNGUARDED_AVAILABILITY = YES_AGGRESSIVE;
				CLANG_WARN_UNREACHABLE_CODE = YES;
				CLANG_WARN__DUPLICATE_METHOD_MATCH = YES;
				COPY_PHASE_STRIP = NO;
				DEBUG_INFORMATION_FORMAT = dwarf;
				ENABLE_STRICT_OBJC_MSGSEND = YES;
				ENABLE_TESTABILITY = YES;
				GCC_C_LANGUAGE_STANDARD = gnu11;
				GCC_DYNAMIC_NO_PIC = NO;
				GCC_NO_COMMON_BLOCKS = YES;
				GCC_OPTIMIZATION_LEVEL = 0;
				GCC_PREPROCESSOR_DEFINITIONS = (
					"DEBUG=1",
					"$(inherited)",
				);
				GCC_WARN_64_TO_32_BIT_CONVERSION = YES;
				GCC_WARN_ABOUT_RETURN_TYPE = YES_ERROR;
				GCC_WARN_UNDECLARED_SELECTOR = YES;
				GCC_WARN_UNINITIALIZED_AUTOS = YES_AGGRESSIVE;
				GCC_WARN_UNUSED_FUNCTION = YES;
				GCC_WARN_UNUSED_VARIABLE = YES;
				IPHONEOS_DEPLOYMENT_TARGET = 14.0;
				MTL_ENABLE_DEBUG_INFO = INCLUDE_SOURCE;
				MTL_FAST_MATH = YES;
				ONLY_ACTIVE_ARCH = YES;
				SDKROOT = iphoneos;
				SWIFT_ACTIVE_COMPILATION_CONDITIONS = DEBUG;
				SWIFT_OPTIMIZATION_LEVEL = "-Onone";
			};
			name = Debug;
		};
		FA3BE739256839C3007CDC5E /* Release */ = {
			isa = XCBuildConfiguration;
			buildSettings = {
				ALWAYS_SEARCH_USER_PATHS = NO;
				CLANG_ANALYZER_NONNULL = YES;
				CLANG_ANALYZER_NUMBER_OBJECT_CONVERSION = YES_AGGRESSIVE;
				CLANG_CXX_LANGUAGE_STANDARD = "gnu++14";
				CLANG_CXX_LIBRARY = "libc++";
				CLANG_ENABLE_MODULES = YES;
				CLANG_ENABLE_OBJC_ARC = YES;
				CLANG_ENABLE_OBJC_WEAK = YES;
				CLANG_WARN_BLOCK_CAPTURE_AUTORELEASING = YES;
				CLANG_WARN_BOOL_CONVERSION = YES;
				CLANG_WARN_COMMA = YES;
				CLANG_WARN_CONSTANT_CONVERSION = YES;
				CLANG_WARN_DEPRECATED_OBJC_IMPLEMENTATIONS = YES;
				CLANG_WARN_DIRECT_OBJC_ISA_USAGE = YES_ERROR;
				CLANG_WARN_DOCUMENTATION_COMMENTS = YES;
				CLANG_WARN_EMPTY_BODY = YES;
				CLANG_WARN_ENUM_CONVERSION = YES;
				CLANG_WARN_INFINITE_RECURSION = YES;
				CLANG_WARN_INT_CONVERSION = YES;
				CLANG_WARN_NON_LITERAL_NULL_CONVERSION = YES;
				CLANG_WARN_OBJC_IMPLICIT_RETAIN_SELF = YES;
				CLANG_WARN_OBJC_LITERAL_CONVERSION = YES;
				CLANG_WARN_OBJC_ROOT_CLASS = YES_ERROR;
				CLANG_WARN_QUOTED_INCLUDE_IN_FRAMEWORK_HEADER = YES;
				CLANG_WARN_RANGE_LOOP_ANALYSIS = YES;
				CLANG_WARN_STRICT_PROTOTYPES = YES;
				CLANG_WARN_SUSPICIOUS_MOVE = YES;
				CLANG_WARN_UNGUARDED_AVAILABILITY = YES_AGGRESSIVE;
				CLANG_WARN_UNREACHABLE_CODE = YES;
				CLANG_WARN__DUPLICATE_METHOD_MATCH = YES;
				COPY_PHASE_STRIP = NO;
				DEBUG_INFORMATION_FORMAT = "dwarf-with-dsym";
				ENABLE_NS_ASSERTIONS = NO;
				ENABLE_STRICT_OBJC_MSGSEND = YES;
				GCC_C_LANGUAGE_STANDARD = gnu11;
				GCC_NO_COMMON_BLOCKS = YES;
				GCC_WARN_64_TO_32_BIT_CONVERSION = YES;
				GCC_WARN_ABOUT_RETURN_TYPE = YES_ERROR;
				GCC_WARN_UNDECLARED_SELECTOR = YES;
				GCC_WARN_UNINITIALIZED_AUTOS = YES_AGGRESSIVE;
				GCC_WARN_UNUSED_FUNCTION = YES;
				GCC_WARN_UNUSED_VARIABLE = YES;
				IPHONEOS_DEPLOYMENT_TARGET = 14.0;
				MTL_ENABLE_DEBUG_INFO = NO;
				MTL_FAST_MATH = YES;
				SDKROOT = iphoneos;
				SWIFT_COMPILATION_MODE = wholemodule;
				SWIFT_OPTIMIZATION_LEVEL = "-O";
				VALIDATE_PRODUCT = YES;
			};
			name = Release;
		};
		FA3BE73B256839C3007CDC5E /* Debug */ = {
			isa = XCBuildConfiguration;
			buildSettings = {
				ASSETCATALOG_COMPILER_APPICON_NAME = AppIcon;
				ASSETCATALOG_COMPILER_GLOBAL_ACCENT_COLOR_NAME = AccentColor;
				CODE_SIGN_STYLE = Automatic;
				DEVELOPMENT_TEAM = RF42FG352F;
				INFOPLIST_FILE = ShopApp/SupportFiles/Info.plist;
				LD_RUNPATH_SEARCH_PATHS = (
					"$(inherited)",
					"@executable_path/Frameworks",
				);
				PRODUCT_BUNDLE_IDENTIFIER = ru.adeveloper.ShopApp;
				PRODUCT_NAME = "$(TARGET_NAME)";
				SWIFT_VERSION = 5.0;
				TARGETED_DEVICE_FAMILY = "1,2";
			};
			name = Debug;
		};
		FA3BE73C256839C3007CDC5E /* Release */ = {
			isa = XCBuildConfiguration;
			buildSettings = {
				ASSETCATALOG_COMPILER_APPICON_NAME = AppIcon;
				ASSETCATALOG_COMPILER_GLOBAL_ACCENT_COLOR_NAME = AccentColor;
				CODE_SIGN_STYLE = Automatic;
				DEVELOPMENT_TEAM = RF42FG352F;
				INFOPLIST_FILE = ShopApp/SupportFiles/Info.plist;
				LD_RUNPATH_SEARCH_PATHS = (
					"$(inherited)",
					"@executable_path/Frameworks",
				);
				PRODUCT_BUNDLE_IDENTIFIER = ru.adeveloper.ShopApp;
				PRODUCT_NAME = "$(TARGET_NAME)";
				SWIFT_VERSION = 5.0;
				TARGETED_DEVICE_FAMILY = "1,2";
			};
			name = Release;
		};
		FA3BE73E256839C3007CDC5E /* Debug */ = {
			isa = XCBuildConfiguration;
			buildSettings = {
				ALWAYS_EMBED_SWIFT_STANDARD_LIBRARIES = YES;
				BUNDLE_LOADER = "$(TEST_HOST)";
				CODE_SIGN_STYLE = Automatic;
				DEVELOPMENT_TEAM = RF42FG352F;
				INFOPLIST_FILE = ShopAppTests/Info.plist;
				IPHONEOS_DEPLOYMENT_TARGET = 14.0;
				LD_RUNPATH_SEARCH_PATHS = (
					"$(inherited)",
					"@executable_path/Frameworks",
					"@loader_path/Frameworks",
				);
				PRODUCT_BUNDLE_IDENTIFIER = ru.adeveloper.ShopAppTests;
				PRODUCT_NAME = "$(TARGET_NAME)";
				SWIFT_VERSION = 5.0;
				TARGETED_DEVICE_FAMILY = "1,2";
				TEST_HOST = "$(BUILT_PRODUCTS_DIR)/ShopApp.app/ShopApp";
			};
			name = Debug;
		};
		FA3BE73F256839C3007CDC5E /* Release */ = {
			isa = XCBuildConfiguration;
			buildSettings = {
				ALWAYS_EMBED_SWIFT_STANDARD_LIBRARIES = YES;
				BUNDLE_LOADER = "$(TEST_HOST)";
				CODE_SIGN_STYLE = Automatic;
				DEVELOPMENT_TEAM = RF42FG352F;
				INFOPLIST_FILE = ShopAppTests/Info.plist;
				IPHONEOS_DEPLOYMENT_TARGET = 14.0;
				LD_RUNPATH_SEARCH_PATHS = (
					"$(inherited)",
					"@executable_path/Frameworks",
					"@loader_path/Frameworks",
				);
				PRODUCT_BUNDLE_IDENTIFIER = ru.adeveloper.ShopAppTests;
				PRODUCT_NAME = "$(TARGET_NAME)";
				SWIFT_VERSION = 5.0;
				TARGETED_DEVICE_FAMILY = "1,2";
				TEST_HOST = "$(BUILT_PRODUCTS_DIR)/ShopApp.app/ShopApp";
			};
			name = Release;
		};
		FA3BE741256839C3007CDC5E /* Debug */ = {
			isa = XCBuildConfiguration;
			buildSettings = {
				ALWAYS_EMBED_SWIFT_STANDARD_LIBRARIES = YES;
				CODE_SIGN_STYLE = Automatic;
				DEVELOPMENT_TEAM = RF42FG352F;
				INFOPLIST_FILE = ShopAppUITests/Info.plist;
				LD_RUNPATH_SEARCH_PATHS = (
					"$(inherited)",
					"@executable_path/Frameworks",
					"@loader_path/Frameworks",
				);
				PRODUCT_BUNDLE_IDENTIFIER = ru.adeveloper.ShopAppUITests;
				PRODUCT_NAME = "$(TARGET_NAME)";
				SWIFT_VERSION = 5.0;
				TARGETED_DEVICE_FAMILY = "1,2";
				TEST_TARGET_NAME = ShopApp;
			};
			name = Debug;
		};
		FA3BE742256839C3007CDC5E /* Release */ = {
			isa = XCBuildConfiguration;
			buildSettings = {
				ALWAYS_EMBED_SWIFT_STANDARD_LIBRARIES = YES;
				CODE_SIGN_STYLE = Automatic;
				DEVELOPMENT_TEAM = RF42FG352F;
				INFOPLIST_FILE = ShopAppUITests/Info.plist;
				LD_RUNPATH_SEARCH_PATHS = (
					"$(inherited)",
					"@executable_path/Frameworks",
					"@loader_path/Frameworks",
				);
				PRODUCT_BUNDLE_IDENTIFIER = ru.adeveloper.ShopAppUITests;
				PRODUCT_NAME = "$(TARGET_NAME)";
				SWIFT_VERSION = 5.0;
				TARGETED_DEVICE_FAMILY = "1,2";
				TEST_TARGET_NAME = ShopApp;
			};
			name = Release;
		};
/* End XCBuildConfiguration section */

/* Begin XCConfigurationList section */
		FA3BE70B256839C2007CDC5E /* Build configuration list for PBXProject "ShopApp" */ = {
			isa = XCConfigurationList;
			buildConfigurations = (
				FA3BE738256839C3007CDC5E /* Debug */,
				FA3BE739256839C3007CDC5E /* Release */,
			);
			defaultConfigurationIsVisible = 0;
			defaultConfigurationName = Release;
		};
		FA3BE73A256839C3007CDC5E /* Build configuration list for PBXNativeTarget "ShopApp" */ = {
			isa = XCConfigurationList;
			buildConfigurations = (
				FA3BE73B256839C3007CDC5E /* Debug */,
				FA3BE73C256839C3007CDC5E /* Release */,
			);
			defaultConfigurationIsVisible = 0;
			defaultConfigurationName = Release;
		};
		FA3BE73D256839C3007CDC5E /* Build configuration list for PBXNativeTarget "ShopAppTests" */ = {
			isa = XCConfigurationList;
			buildConfigurations = (
				FA3BE73E256839C3007CDC5E /* Debug */,
				FA3BE73F256839C3007CDC5E /* Release */,
			);
			defaultConfigurationIsVisible = 0;
			defaultConfigurationName = Release;
		};
		FA3BE740256839C3007CDC5E /* Build configuration list for PBXNativeTarget "ShopAppUITests" */ = {
			isa = XCConfigurationList;
			buildConfigurations = (
				FA3BE741256839C3007CDC5E /* Debug */,
				FA3BE742256839C3007CDC5E /* Release */,
			);
			defaultConfigurationIsVisible = 0;
			defaultConfigurationName = Release;
		};
/* End XCConfigurationList section */
	};
	rootObject = FA3BE708256839C2007CDC5E /* Project object */;
}
